
Microsoft Visual Studio Solution File, Format Version 12.00
# Visual Studio Version 17
VisualStudioVersion = 17.6.33815.320
MinimumVisualStudioVersion = 10.0.40219.1
Project("{9A19103F-16F7-4668-BE54-9A1E7A4F7556}") = "AutoYoutubePlaylist.Service", "AutoYoutubePlaylist.Service\AutoYoutubePlaylist.Service.csproj", "{79E1BF18-C49B-4B0F-A54B-346BCBE37EA4}"
EndProject
Project("{FAE04EC0-301F-11D3-BF4B-00C04F79EFBC}") = "AutoYoutubePlaylist.Logic", "AutoYoutubePlaylist.Logic\AutoYoutubePlaylist.Logic.csproj", "{5F3903CA-DEDE-4BF7-8D72-7EC79C68C701}"
EndProject
Global
	GlobalSection(SolutionConfigurationPlatforms) = preSolution
		Debug|Any CPU = Debug|Any CPU
		Release|Any CPU = Release|Any CPU
	EndGlobalSection
	GlobalSection(ProjectConfigurationPlatforms) = postSolution
		{79E1BF18-C49B-4B0F-A54B-346BCBE37EA4}.Debug|Any CPU.ActiveCfg = Debug|Any CPU
		{79E1BF18-C49B-4B0F-A54B-346BCBE37EA4}.Debug|Any CPU.Build.0 = Debug|Any CPU
		{79E1BF18-C49B-4B0F-A54B-346BCBE37EA4}.Release|Any CPU.ActiveCfg = Release|Any CPU
		{79E1BF18-C49B-4B0F-A54B-346BCBE37EA4}.Release|Any CPU.Build.0 = Release|Any CPU
		{5F3903CA-DEDE-4BF7-8D72-7EC79C68C701}.Debug|Any CPU.ActiveCfg = Debug|Any CPU
		{5F3903CA-DEDE-4BF7-8D72-7EC79C68C701}.Debug|Any CPU.Build.0 = Debug|Any CPU
		{5F3903CA-DEDE-4BF7-8D72-7EC79C68C701}.Release|Any CPU.ActiveCfg = Release|Any CPU
		{5F3903CA-DEDE-4BF7-8D72-7EC79C68C701}.Release|Any CPU.Build.0 = Release|Any CPU
	EndGlobalSection
	GlobalSection(SolutionProperties) = preSolution
		HideSolutionNode = FALSE
	EndGlobalSection
	GlobalSection(ExtensibilityGlobals) = postSolution
		SolutionGuid = {BA34C26F-3CA9-4768-9CA1-EF127480CD23}
	EndGlobalSection
EndGlobal
